
Microsoft Visual Studio Solution File, Format Version 12.00
# Visual Studio 2013
VisualStudioVersion = 12.0.31101.0
MinimumVisualStudioVersion = 10.0.40219.1
Project("{8BC9CEB8-8B4A-11D0-8D11-00A0C91BC942}") = "TestCGI", "TestCGI\TestCGI12.vcxproj", "{B196EABF-AE2C-45CC-BB7E-8B47F01BAE5D}"
EndProject
Project("{8BC9CEB8-8B4A-11D0-8D11-00A0C91BC942}") = "W3MFC", "W3MFC12.vcxproj", "{6EAE648D-5E26-474C-99F6-F9494EFB377B}"
EndProject
Project("{8BC9CEB8-8B4A-11D0-8D11-00A0C91BC942}") = "TestISAPI", "TestISAPI\TestISAPI12.vcxproj", "{DF96D5F9-FEEA-4711-ADAD-775A2F83C6EA}"
EndProject
Global
	GlobalSection(SolutionConfigurationPlatforms) = preSolution
		Debug No SSPI|Win32 = Debug No SSPI|Win32
		Debug No SSPI|x64 = Debug No SSPI|x64
		Debug|Win32 = Debug|Win32
		Debug|x64 = Debug|x64
		Release|Win32 = Release|Win32
		Release|x64 = Release|x64
		SSL Debug No CGI|Win32 = SSL Debug No CGI|Win32
		SSL Debug No CGI|x64 = SSL Debug No CGI|x64
		SSL Debug No ISAPI|Win32 = SSL Debug No ISAPI|Win32
		SSL Debug No ISAPI|x64 = SSL Debug No ISAPI|x64
		SSL Debug|Win32 = SSL Debug|Win32
		SSL Debug|x64 = SSL Debug|x64
		SSL Release|Win32 = SSL Release|Win32
		SSL Release|x64 = SSL Release|x64
		SSL Unicode Debug|Win32 = SSL Unicode Debug|Win32
		SSL Unicode Debug|x64 = SSL Unicode Debug|x64
		SSL Unicode Release|Win32 = SSL Unicode Release|Win32
		SSL Unicode Release|x64 = SSL Unicode Release|x64
		Unicode Debug|Win32 = Unicode Debug|Win32
		Unicode Debug|x64 = Unicode Debug|x64
		Unicode Release|Win32 = Unicode Release|Win32
		Unicode Release|x64 = Unicode Release|x64
	EndGlobalSection
	GlobalSection(ProjectConfigurationPlatforms) = postSolution
		{B196EABF-AE2C-45CC-BB7E-8B47F01BAE5D}.Debug No SSPI|Win32.ActiveCfg = Debug|Win32
		{B196EABF-AE2C-45CC-BB7E-8B47F01BAE5D}.Debug No SSPI|Win32.Build.0 = Debug|Win32
		{B196EABF-AE2C-45CC-BB7E-8B47F01BAE5D}.Debug No SSPI|x64.ActiveCfg = Debug|Win32
		{B196EABF-AE2C-45CC-BB7E-8B47F01BAE5D}.Debug|Win32.ActiveCfg = Debug|Win32
		{B196EABF-AE2C-45CC-BB7E-8B47F01BAE5D}.Debug|Win32.Build.0 = Debug|Win32
		{B196EABF-AE2C-45CC-BB7E-8B47F01BAE5D}.Debug|x64.ActiveCfg = Debug|Win32
		{B196EABF-AE2C-45CC-BB7E-8B47F01BAE5D}.Release|Win32.ActiveCfg = Release|Win32
		{B196EABF-AE2C-45CC-BB7E-8B47F01BAE5D}.Release|Win32.Build.0 = Release|Win32
		{B196EABF-AE2C-45CC-BB7E-8B47F01BAE5D}.Release|x64.ActiveCfg = Release|Win32
		{B196EABF-AE2C-45CC-BB7E-8B47F01BAE5D}.SSL Debug No CGI|Win32.ActiveCfg = Debug|Win32
		{B196EABF-AE2C-45CC-BB7E-8B47F01BAE5D}.SSL Debug No CGI|Win32.Build.0 = Debug|Win32
		{B196EABF-AE2C-45CC-BB7E-8B47F01BAE5D}.SSL Debug No CGI|x64.ActiveCfg = Debug|Win32
		{B196EABF-AE2C-45CC-BB7E-8B47F01BAE5D}.SSL Debug No ISAPI|Win32.ActiveCfg = Debug|Win32
		{B196EABF-AE2C-45CC-BB7E-8B47F01BAE5D}.SSL Debug No ISAPI|Win32.Build.0 = Debug|Win32
		{B196EABF-AE2C-45CC-BB7E-8B47F01BAE5D}.SSL Debug No ISAPI|x64.ActiveCfg = Debug|Win32
		{B196EABF-AE2C-45CC-BB7E-8B47F01BAE5D}.SSL Debug|Win32.ActiveCfg = Debug|Win32
		{B196EABF-AE2C-45CC-BB7E-8B47F01BAE5D}.SSL Debug|Win32.Build.0 = Debug|Win32
		{B196EABF-AE2C-45CC-BB7E-8B47F01BAE5D}.SSL Debug|x64.ActiveCfg = Debug|Win32
		{B196EABF-AE2C-45CC-BB7E-8B47F01BAE5D}.SSL Release|Win32.ActiveCfg = Release|Win32
		{B196EABF-AE2C-45CC-BB7E-8B47F01BAE5D}.SSL Release|Win32.Build.0 = Release|Win32
		{B196EABF-AE2C-45CC-BB7E-8B47F01BAE5D}.SSL Release|x64.ActiveCfg = Release|Win32
		{B196EABF-AE2C-45CC-BB7E-8B47F01BAE5D}.SSL Unicode Debug|Win32.ActiveCfg = Debug|Win32
		{B196EABF-AE2C-45CC-BB7E-8B47F01BAE5D}.SSL Unicode Debug|Win32.Build.0 = Debug|Win32
		{B196EABF-AE2C-45CC-BB7E-8B47F01BAE5D}.SSL Unicode Debug|x64.ActiveCfg = Debug|Win32
		{B196EABF-AE2C-45CC-BB7E-8B47F01BAE5D}.SSL Unicode Release|Win32.ActiveCfg = Release|Win32
		{B196EABF-AE2C-45CC-BB7E-8B47F01BAE5D}.SSL Unicode Release|Win32.Build.0 = Release|Win32
		{B196EABF-AE2C-45CC-BB7E-8B47F01BAE5D}.SSL Unicode Release|x64.ActiveCfg = Release|Win32
		{B196EABF-AE2C-45CC-BB7E-8B47F01BAE5D}.Unicode Debug|Win32.ActiveCfg = Debug|Win32
		{B196EABF-AE2C-45CC-BB7E-8B47F01BAE5D}.Unicode Debug|Win32.Build.0 = Debug|Win32
		{B196EABF-AE2C-45CC-BB7E-8B47F01BAE5D}.Unicode Debug|x64.ActiveCfg = Debug|Win32
		{B196EABF-AE2C-45CC-BB7E-8B47F01BAE5D}.Unicode Release|Win32.ActiveCfg = Release|Win32
		{B196EABF-AE2C-45CC-BB7E-8B47F01BAE5D}.Unicode Release|Win32.Build.0 = Release|Win32
		{B196EABF-AE2C-45CC-BB7E-8B47F01BAE5D}.Unicode Release|x64.ActiveCfg = Release|Win32
		{6EAE648D-5E26-474C-99F6-F9494EFB377B}.Debug No SSPI|Win32.ActiveCfg = Debug No SSPI|Win32
		{6EAE648D-5E26-474C-99F6-F9494EFB377B}.Debug No SSPI|Win32.Build.0 = Debug No SSPI|Win32
		{6EAE648D-5E26-474C-99F6-F9494EFB377B}.Debug No SSPI|x64.ActiveCfg = Debug No SSPI|x64
		{6EAE648D-5E26-474C-99F6-F9494EFB377B}.Debug No SSPI|x64.Build.0 = Debug No SSPI|x64
		{6EAE648D-5E26-474C-99F6-F9494EFB377B}.Debug|Win32.ActiveCfg = Debug|Win32
		{6EAE648D-5E26-474C-99F6-F9494EFB377B}.Debug|Win32.Build.0 = Debug|Win32
		{6EAE648D-5E26-474C-99F6-F9494EFB377B}.Debug|x64.ActiveCfg = Debug|x64
		{6EAE648D-5E26-474C-99F6-F9494EFB377B}.Debug|x64.Build.0 = Debug|x64
		{6EAE648D-5E26-474C-99F6-F9494EFB377B}.Release|Win32.ActiveCfg = Release|Win32
		{6EAE648D-5E26-474C-99F6-F9494EFB377B}.Release|Win32.Build.0 = Release|Win32
		{6EAE648D-5E26-474C-99F6-F9494EFB377B}.Release|x64.ActiveCfg = Release|x64
		{6EAE648D-5E26-474C-99F6-F9494EFB377B}.Release|x64.Build.0 = Release|x64
		{6EAE648D-5E26-474C-99F6-F9494EFB377B}.SSL Debug No CGI|Win32.ActiveCfg = SSL Debug No CGI|Win32
		{6EAE648D-5E26-474C-99F6-F9494EFB377B}.SSL Debug No CGI|Win32.Build.0 = SSL Debug No CGI|Win32
		{6EAE648D-5E26-474C-99F6-F9494EFB377B}.SSL Debug No CGI|x64.ActiveCfg = SSL Debug No CGI|x64
		{6EAE648D-5E26-474C-99F6-F9494EFB377B}.SSL Debug No CGI|x64.Build.0 = SSL Debug No CGI|x64
		{6EAE648D-5E26-474C-99F6-F9494EFB377B}.SSL Debug No ISAPI|Win32.ActiveCfg = SSL Debug No ISAPI|Win32
		{6EAE648D-5E26-474C-99F6-F9494EFB377B}.SSL Debug No ISAPI|Win32.Build.0 = SSL Debug No ISAPI|Win32
		{6EAE648D-5E26-474C-99F6-F9494EFB377B}.SSL Debug No ISAPI|x64.ActiveCfg = SSL Debug No ISAPI|x64
		{6EAE648D-5E26-474C-99F6-F9494EFB377B}.SSL Debug No ISAPI|x64.Build.0 = SSL Debug No ISAPI|x64
		{6EAE648D-5E26-474C-99F6-F9494EFB377B}.SSL Debug|Win32.ActiveCfg = SSL Debug|Win32
		{6EAE648D-5E26-474C-99F6-F9494EFB377B}.SSL Debug|Win32.Build.0 = SSL Debug|Win32
		{6EAE648D-5E26-474C-99F6-F9494EFB377B}.SSL Debug|x64.ActiveCfg = SSL Debug|x64
		{6EAE648D-5E26-474C-99F6-F9494EFB377B}.SSL Debug|x64.Build.0 = SSL Debug|x64
		{6EAE648D-5E26-474C-99F6-F9494EFB377B}.SSL Release|Win32.ActiveCfg = SSL Release|Win32
		{6EAE648D-5E26-474C-99F6-F9494EFB377B}.SSL Release|Win32.Build.0 = SSL Release|Win32
		{6EAE648D-5E26-474C-99F6-F9494EFB377B}.SSL Release|x64.ActiveCfg = SSL Release|x64
		{6EAE648D-5E26-474C-99F6-F9494EFB377B}.SSL Release|x64.Build.0 = SSL Release|x64
		{6EAE648D-5E26-474C-99F6-F9494EFB377B}.SSL Unicode Debug|Win32.ActiveCfg = SSL Unicode Debug|Win32
		{6EAE648D-5E26-474C-99F6-F9494EFB377B}.SSL Unicode Debug|Win32.Build.0 = SSL Unicode Debug|Win32
		{6EAE648D-5E26-474C-99F6-F9494EFB377B}.SSL Unicode Debug|x64.ActiveCfg = SSL Unicode Debug|x64
		{6EAE648D-5E26-474C-99F6-F9494EFB377B}.SSL Unicode Debug|x64.Build.0 = SSL Unicode Debug|x64
		{6EAE648D-5E26-474C-99F6-F9494EFB377B}.SSL Unicode Release|Win32.ActiveCfg = SSL Unicode Release|Win32
		{6EAE648D-5E26-474C-99F6-F9494EFB377B}.SSL Unicode Release|Win32.Build.0 = SSL Unicode Release|Win32
		{6EAE648D-5E26-474C-99F6-F9494EFB377B}.SSL Unicode Release|x64.ActiveCfg = SSL Unicode Release|x64
		{6EAE648D-5E26-474C-99F6-F9494EFB377B}.SSL Unicode Release|x64.Build.0 = SSL Unicode Release|x64
		{6EAE648D-5E26-474C-99F6-F9494EFB377B}.Unicode Debug|Win32.ActiveCfg = Unicode Debug|Win32
		{6EAE648D-5E26-474C-99F6-F9494EFB377B}.Unicode Debug|Win32.Build.0 = Unicode Debug|Win32
		{6EAE648D-5E26-474C-99F6-F9494EFB377B}.Unicode Debug|x64.ActiveCfg = Unicode Debug|x64
		{6EAE648D-5E26-474C-99F6-F9494EFB377B}.Unicode Debug|x64.Build.0 = Unicode Debug|x64
		{6EAE648D-5E26-474C-99F6-F9494EFB377B}.Unicode Release|Win32.ActiveCfg = Unicode Release|Win32
		{6EAE648D-5E26-474C-99F6-F9494EFB377B}.Unicode Release|Win32.Build.0 = Unicode Release|Win32
		{6EAE648D-5E26-474C-99F6-F9494EFB377B}.Unicode Release|x64.ActiveCfg = Unicode Release|x64
		{6EAE648D-5E26-474C-99F6-F9494EFB377B}.Unicode Release|x64.Build.0 = Unicode Release|x64
		{DF96D5F9-FEEA-4711-ADAD-775A2F83C6EA}.Debug No SSPI|Win32.ActiveCfg = Debug|Win32
		{DF96D5F9-FEEA-4711-ADAD-775A2F83C6EA}.Debug No SSPI|Win32.Build.0 = Debug|Win32
		{DF96D5F9-FEEA-4711-ADAD-775A2F83C6EA}.Debug No SSPI|x64.ActiveCfg = Debug|x64
		{DF96D5F9-FEEA-4711-ADAD-775A2F83C6EA}.Debug No SSPI|x64.Build.0 = Debug|x64
		{DF96D5F9-FEEA-4711-ADAD-775A2F83C6EA}.Debug|Win32.ActiveCfg = Debug|Win32
		{DF96D5F9-FEEA-4711-ADAD-775A2F83C6EA}.Debug|Win32.Build.0 = Debug|Win32
		{DF96D5F9-FEEA-4711-ADAD-775A2F83C6EA}.Debug|x64.ActiveCfg = Debug|x64
		{DF96D5F9-FEEA-4711-ADAD-775A2F83C6EA}.Debug|x64.Build.0 = Debug|x64
		{DF96D5F9-FEEA-4711-ADAD-775A2F83C6EA}.Release|Win32.ActiveCfg = Release|Win32
		{DF96D5F9-FEEA-4711-ADAD-775A2F83C6EA}.Release|Win32.Build.0 = Release|Win32
		{DF96D5F9-FEEA-4711-ADAD-775A2F83C6EA}.Release|x64.ActiveCfg = Release|x64
		{DF96D5F9-FEEA-4711-ADAD-775A2F83C6EA}.Release|x64.Build.0 = Release|x64
		{DF96D5F9-FEEA-4711-ADAD-775A2F83C6EA}.SSL Debug No CGI|Win32.ActiveCfg = Debug|Win32
		{DF96D5F9-FEEA-4711-ADAD-775A2F83C6EA}.SSL Debug No CGI|Win32.Build.0 = Debug|Win32
		{DF96D5F9-FEEA-4711-ADAD-775A2F83C6EA}.SSL Debug No CGI|x64.ActiveCfg = Debug|x64
		{DF96D5F9-FEEA-4711-ADAD-775A2F83C6EA}.SSL Debug No CGI|x64.Build.0 = Debug|x64
		{DF96D5F9-FEEA-4711-ADAD-775A2F83C6EA}.SSL Debug No ISAPI|Win32.ActiveCfg = Debug|Win32
		{DF96D5F9-FEEA-4711-ADAD-775A2F83C6EA}.SSL Debug No ISAPI|Win32.Build.0 = Debug|Win32
		{DF96D5F9-FEEA-4711-ADAD-775A2F83C6EA}.SSL Debug No ISAPI|x64.ActiveCfg = Debug|x64
		{DF96D5F9-FEEA-4711-ADAD-775A2F83C6EA}.SSL Debug No ISAPI|x64.Build.0 = Debug|x64
		{DF96D5F9-FEEA-4711-ADAD-775A2F83C6EA}.SSL Debug|Win32.ActiveCfg = Debug|Win32
		{DF96D5F9-FEEA-4711-ADAD-775A2F83C6EA}.SSL Debug|Win32.Build.0 = Debug|Win32
		{DF96D5F9-FEEA-4711-ADAD-775A2F83C6EA}.SSL Debug|x64.ActiveCfg = Debug|x64
		{DF96D5F9-FEEA-4711-ADAD-775A2F83C6EA}.SSL Debug|x64.Build.0 = Debug|x64
		{DF96D5F9-FEEA-4711-ADAD-775A2F83C6EA}.SSL Release|Win32.ActiveCfg = Release|Win32
		{DF96D5F9-FEEA-4711-ADAD-775A2F83C6EA}.SSL Release|Win32.Build.0 = Release|Win32
		{DF96D5F9-FEEA-4711-ADAD-775A2F83C6EA}.SSL Release|x64.ActiveCfg = Release|x64
		{DF96D5F9-FEEA-4711-ADAD-775A2F83C6EA}.SSL Release|x64.Build.0 = Release|x64
		{DF96D5F9-FEEA-4711-ADAD-775A2F83C6EA}.SSL Unicode Debug|Win32.ActiveCfg = Debug|Win32
		{DF96D5F9-FEEA-4711-ADAD-775A2F83C6EA}.SSL Unicode Debug|Win32.Build.0 = Debug|Win32
		{DF96D5F9-FEEA-4711-ADAD-775A2F83C6EA}.SSL Unicode Debug|x64.ActiveCfg = Debug|x64
		{DF96D5F9-FEEA-4711-ADAD-775A2F83C6EA}.SSL Unicode Debug|x64.Build.0 = Debug|x64
		{DF96D5F9-FEEA-4711-ADAD-775A2F83C6EA}.SSL Unicode Release|Win32.ActiveCfg = Release|Win32
		{DF96D5F9-FEEA-4711-ADAD-775A2F83C6EA}.SSL Unicode Release|Win32.Build.0 = Release|Win32
		{DF96D5F9-FEEA-4711-ADAD-775A2F83C6EA}.SSL Unicode Release|x64.ActiveCfg = Release|x64
		{DF96D5F9-FEEA-4711-ADAD-775A2F83C6EA}.SSL Unicode Release|x64.Build.0 = Release|x64
		{DF96D5F9-FEEA-4711-ADAD-775A2F83C6EA}.Unicode Debug|Win32.ActiveCfg = Debug|Win32
		{DF96D5F9-FEEA-4711-ADAD-775A2F83C6EA}.Unicode Debug|Win32.Build.0 = Debug|Win32
		{DF96D5F9-FEEA-4711-ADAD-775A2F83C6EA}.Unicode Debug|x64.ActiveCfg = Debug|x64
		{DF96D5F9-FEEA-4711-ADAD-775A2F83C6EA}.Unicode Debug|x64.Build.0 = Debug|x64
		{DF96D5F9-FEEA-4711-ADAD-775A2F83C6EA}.Unicode Release|Win32.ActiveCfg = Release|Win32
		{DF96D5F9-FEEA-4711-ADAD-775A2F83C6EA}.Unicode Release|Win32.Build.0 = Release|Win32
		{DF96D5F9-FEEA-4711-ADAD-775A2F83C6EA}.Unicode Release|x64.ActiveCfg = Release|x64
		{DF96D5F9-FEEA-4711-ADAD-775A2F83C6EA}.Unicode Release|x64.Build.0 = Release|x64
	EndGlobalSection
	GlobalSection(SolutionProperties) = preSolution
		HideSolutionNode = FALSE
	EndGlobalSection
EndGlobal
