<?xml version="1.0" encoding="utf-8"?>
<Project ToolsVersion="4.0" xmlns="http://schemas.microsoft.com/developer/msbuild/2003">
  <ItemGroup>
    <ClCompile Include="SocMFC.cpp">
      <Filter>Source Files</Filter>
    </ClCompile>
    <ClCompile Include="StdAfx.cpp">
      <Filter>Source Files</Filter>
    </ClCompile>
    <ClCompile Include="W3Mfc.cpp">
      <Filter>Source Files</Filter>
    </ClCompile>
    <ClCompile Include="main.cpp">
      <Filter>Source Files</Filter>
    </ClCompile>
    <ClCompile Include="W3MFCCGI.cpp">
      <Filter>Source Files</Filter>
    </ClCompile>
    <ClCompile Include="W3MFCClient.cpp">
      <Filter>Source Files</Filter>
    </ClCompile>
    <ClCompile Include="W3MFCDirectory.cpp">
      <Filter>Source Files</Filter>
    </ClCompile>
    <ClCompile Include="W3MFCISAPI.cpp">
      <Filter>Source Files</Filter>
    </ClCompile>
    <ClCompile Include="W3MFCISAPIManager.cpp">
      <Filter>Source Files</Filter>
    </ClCompile>
    <ClCompile Include="W3MFCMimeManager.cpp">
      <Filter>Source Files</Filter>
    </ClCompile>
    <ClCompile Include="W3MFCRequest.cpp">
      <Filter>Source Files</Filter>
    </ClCompile>
    <ClCompile Include="W3MFCResponseHeader.cpp">
      <Filter>Source Files</Filter>
    </ClCompile>
    <ClCompile Include="W3MFCSocket.cpp">
      <Filter>Source Files</Filter>
    </ClCompile>
    <ClCompile Include="W3MFCSettings.cpp">
      <Filter>Source Files</Filter>
    </ClCompile>
  </ItemGroup>
  <ItemGroup>
    <ClInclude Include="DirectedThreadPoolQueue.h">
      <Filter>Header Files</Filter>
    </ClInclude>
    <ClInclude Include="IOCPThreadPoolQueue.h">
      <Filter>Header Files</Filter>
    </ClInclude>
    <ClInclude Include="SocMFC.h">
      <Filter>Header Files</Filter>
    </ClInclude>
    <ClInclude Include="StdAfx.h">
      <Filter>Header Files</Filter>
    </ClInclude>
    <ClInclude Include="ThrdPool.h">
      <Filter>Header Files</Filter>
    </ClInclude>
    <ClInclude Include="W3Mfc.h">
      <Filter>Header Files</Filter>
    </ClInclude>
    <ClInclude Include="W3MFCCGI.h">
      <Filter>Header Files</Filter>
    </ClInclude>
    <ClInclude Include="W3MFCClient.h">
      <Filter>Header Files</Filter>
    </ClInclude>
    <ClInclude Include="W3MFCDirectory.h">
      <Filter>Header Files</Filter>
    </ClInclude>
    <ClInclude Include="W3MFCISAPI.h">
      <Filter>Header Files</Filter>
    </ClInclude>
    <ClInclude Include="W3MFCISAPIManager.h">
      <Filter>Header Files</Filter>
    </ClInclude>
    <ClInclude Include="W3MFCMimeManager.h">
      <Filter>Header Files</Filter>
    </ClInclude>
    <ClInclude Include="W3MFCRequest.h">
      <Filter>Header Files</Filter>
    </ClInclude>
    <ClInclude Include="W3MFCResponseHeader.h">
      <Filter>Header Files</Filter>
    </ClInclude>
    <ClInclude Include="WTimer.h">
      <Filter>Header Files</Filter>
    </ClInclude>
    <ClInclude Include="W3MFCSocket.h">
      <Filter>Header Files</Filter>
    </ClInclude>
    <ClInclude Include="W3MfCSettings.h">
      <Filter>Header Files</Filter>
    </ClInclude>
    <ClInclude Include="W3MFCError.h">
      <Filter>Header Files</Filter>
    </ClInclude>
  </ItemGroup>
  <ItemGroup>
    <None Include="res\302.htm">
      <Filter>Resource Files</Filter>
    </None>
    <None Include="res\400.htm">
      <Filter>Resource Files</Filter>
    </None>
    <None Include="res\401.htm">
      <Filter>Resource Files</Filter>
    </None>
    <None Include="res\404.htm">
      <Filter>Resource Files</Filter>
    </None>
    <None Include="res\500.htm">
      <Filter>Resource Files</Filter>
    </None>
    <None Include="res\501.htm">
      <Filter>Resource Files</Filter>
    </None>
    <None Include="res\deleted_ok.htm">
      <Filter>Resource Files</Filter>
    </None>
    <None Include="res\directory_listing.htm">
      <Filter>Resource Files</Filter>
    </None>
    <None Include="res\mainfrm.ico">
      <Filter>Resource Files</Filter>
    </None>
  </ItemGroup>
  <ItemGroup>
    <Filter Include="Header Files">
      <UniqueIdentifier>{b31905ca-f6f6-4380-99f0-52d5c6afb4ac}</UniqueIdentifier>
    </Filter>
    <Filter Include="Source Files">
      <UniqueIdentifier>{b2aa77a9-a0a7-4186-8b2b-01208008369a}</UniqueIdentifier>
    </Filter>
    <Filter Include="Resource Files">
      <UniqueIdentifier>{886c6791-9e0b-4836-8236-f1c86e062c66}</UniqueIdentifier>
    </Filter>
  </ItemGroup>
  <ItemGroup>
    <ResourceCompile Include="w3mfc.rc">
      <Filter>Resource Files</Filter>
    </ResourceCompile>
  </ItemGroup>
</Project>